
Microsoft Visual Studio Solution File, Format Version 12.00
# Visual Studio 2013
VisualStudioVersion = 12.0.31101.0
MinimumVisualStudioVersion = 10.0.40219.1
Project("{FAE04EC0-301F-11D3-BF4B-00C04F79EFBC}") = "CustomerDatabaseDeploy", "CustomerDatabaseDeploy\CustomerDatabaseDeploy.csproj", "{C36F9315-D2C5-4F7A-8CAE-EF1B388EBFCE}"
EndProject
Global
	GlobalSection(SolutionConfigurationPlatforms) = preSolution
		Debug|Any CPU = Debug|Any CPU
		Release|Any CPU = Release|Any CPU
	EndGlobalSection
	GlobalSection(ProjectConfigurationPlatforms) = postSolution
		{C36F9315-D2C5-4F7A-8CAE-EF1B388EBFCE}.Debug|Any CPU.ActiveCfg = Debug|Any CPU
		{C36F9315-D2C5-4F7A-8CAE-EF1B388EBFCE}.Debug|Any CPU.Build.0 = Debug|Any CPU
		{C36F9315-D2C5-4F7A-8CAE-EF1B388EBFCE}.Release|Any CPU.ActiveCfg = Release|Any CPU
		{C36F9315-D2C5-4F7A-8CAE-EF1B388EBFCE}.Release|Any CPU.Build.0 = Release|Any CPU
	EndGlobalSection
	GlobalSection(SolutionProperties) = preSolution
		HideSolutionNode = FALSE
	EndGlobalSection
EndGlobal
